
Microsoft Visual Studio Solution File, Format Version 12.00
# Visual Studio Version 17
VisualStudioVersion = 17.0.31912.275
MinimumVisualStudioVersion = 10.0.40219.1
Project("{9A19103F-16F7-4668-BE54-9A1E7A4F7556}") = "LoyaltyProgram", "LoyaltyProgram\LoyaltyProgram.csproj", "{5B1E0E4A-642C-4213-93DF-48BDEB69B9EA}"
EndProject
Project("{9A19103F-16F7-4668-BE54-9A1E7A4F7556}") = "AppiumIntegrationTests", "ApiumIntegrationTests\AppiumIntegrationTests.csproj", "{2B2E9619-2F1D-433A-A6B7-96EF6DC3A67E}"
	ProjectSection(ProjectDependencies) = postProject
		{5B1E0E4A-642C-4213-93DF-48BDEB69B9EA} = {5B1E0E4A-642C-4213-93DF-48BDEB69B9EA}
	EndProjectSection
EndProject
Global
	GlobalSection(SolutionConfigurationPlatforms) = preSolution
		Debug|Any CPU = Debug|Any CPU
		Release|Any CPU = Release|Any CPU
	EndGlobalSection
	GlobalSection(ProjectConfigurationPlatforms) = postSolution
		{5B1E0E4A-642C-4213-93DF-48BDEB69B9EA}.Debug|Any CPU.ActiveCfg = Debug|Any CPU
		{5B1E0E4A-642C-4213-93DF-48BDEB69B9EA}.Debug|Any CPU.Build.0 = Debug|Any CPU
		{5B1E0E4A-642C-4213-93DF-48BDEB69B9EA}.Release|Any CPU.ActiveCfg = Release|Any CPU
		{5B1E0E4A-642C-4213-93DF-48BDEB69B9EA}.Release|Any CPU.Build.0 = Release|Any CPU
		{2B2E9619-2F1D-433A-A6B7-96EF6DC3A67E}.Debug|Any CPU.ActiveCfg = Debug|Any CPU
		{2B2E9619-2F1D-433A-A6B7-96EF6DC3A67E}.Debug|Any CPU.Build.0 = Debug|Any CPU
		{2B2E9619-2F1D-433A-A6B7-96EF6DC3A67E}.Release|Any CPU.ActiveCfg = Release|Any CPU
		{2B2E9619-2F1D-433A-A6B7-96EF6DC3A67E}.Release|Any CPU.Build.0 = Release|Any CPU
	EndGlobalSection
	GlobalSection(SolutionProperties) = preSolution
		HideSolutionNode = FALSE
	EndGlobalSection
	GlobalSection(ExtensibilityGlobals) = postSolution
		SolutionGuid = {AADBDDB4-2539-420C-B008-9856D548B6D1}
	EndGlobalSection
EndGlobal
